
Microsoft Visual Studio Solution File, Format Version 12.00
# Visual Studio Version 16
VisualStudioVersion = 16.0.30225.117
MinimumVisualStudioVersion = 10.0.40219.1
Project("{2150E333-8FDC-42A3-9474-1A3956D46DE8}") = "src", "src", "{3C00E794-8357-40CA-B170-CDE498D92CB1}"
EndProject
Project("{2150E333-8FDC-42A3-9474-1A3956D46DE8}") = "Building Blocks", "Building Blocks", "{E99566CA-C8DB-4FA6-BFFA-B052BAC8EC36}"
EndProject
Project("{2150E333-8FDC-42A3-9474-1A3956D46DE8}") = "Services", "Services", "{D753DBB1-5EE9-4FA8-B179-C3D60F537AC1}"
EndProject
Project("{2150E333-8FDC-42A3-9474-1A3956D46DE8}") = "Web", "Web", "{2BD12C89-6A4B-4EAC-886D-061D282991B6}"
EndProject
Project("{2150E333-8FDC-42A3-9474-1A3956D46DE8}") = "Identidade", "Identidade", "{3FCFA857-24CD-4032-AC26-E25E4D5E598E}"
EndProject
Project("{FAE04EC0-301F-11D3-BF4B-00C04F79EFBC}") = "NSE.Identidade.API", "src\services\NSE.Identidade.API\NSE.Identidade.API.csproj", "{1252F5FE-55CE-4292-BF1F-8B260D903CC3}"
EndProject
Project("{2150E333-8FDC-42A3-9474-1A3956D46DE8}") = "MVC", "MVC", "{DD46AE58-24D2-4E25-92CA-DBE9BEBA38CA}"
EndProject
Project("{FAE04EC0-301F-11D3-BF4B-00C04F79EFBC}") = "NSE.WebApp.MVC", "src\web\NSE.WebApp.MVC\NSE.WebApp.MVC.csproj", "{868EC812-1D83-4313-8AA0-EF9A1DD89904}"
EndProject
Project("{2150E333-8FDC-42A3-9474-1A3956D46DE8}") = "Core", "Core", "{CFB14AEA-4CF8-49A3-A627-F65E3A63D296}"
EndProject
Project("{FAE04EC0-301F-11D3-BF4B-00C04F79EFBC}") = "NSE.Core", "src\building blocks\NSE.Core\NSE.Core.csproj", "{AB6923E4-7B3E-45A9-A393-09495CC5A2B7}"
EndProject
Project("{2150E333-8FDC-42A3-9474-1A3956D46DE8}") = "Carrinho", "Carrinho", "{ED3F9D53-E220-4B3F-B3DE-E82D955A98E3}"
EndProject
Project("{FAE04EC0-301F-11D3-BF4B-00C04F79EFBC}") = "NSE.Carrinho.API", "src\services\NSR.Carrinho.API\NSE.Carrinho.API.csproj", "{AD0D16DA-09CB-4116-AC56-8010FB2BBE1C}"
EndProject
Project("{2150E333-8FDC-42A3-9474-1A3956D46DE8}") = "Catalogo", "Catalogo", "{CD5E5949-146F-4FBB-A59F-CAD0D3942EC9}"
EndProject
Project("{FAE04EC0-301F-11D3-BF4B-00C04F79EFBC}") = "NSE.Catalogo.API", "src\services\NSE.Catalogo.API\NSE.Catalogo.API.csproj", "{2F19CEE2-C06D-41FA-AA77-EAE5172B6723}"
EndProject
Project("{2150E333-8FDC-42A3-9474-1A3956D46DE8}") = "Cliente", "Cliente", "{2A67370C-5AE9-406E-8744-52D3B9222FFB}"
EndProject
Project("{FAE04EC0-301F-11D3-BF4B-00C04F79EFBC}") = "NSE.Cliente.API", "src\services\NSE.Cliente.API\NSE.Cliente.API.csproj", "{82834E10-7038-40A8-A1C4-80CD09CF6175}"
EndProject
Project("{2150E333-8FDC-42A3-9474-1A3956D46DE8}") = "Pagamento", "Pagamento", "{43F957F1-E1B2-4373-9157-5B43B36DB1DE}"
EndProject
Project("{FAE04EC0-301F-11D3-BF4B-00C04F79EFBC}") = "NSE.Pagamento.API", "src\services\NSE.Pagamento.API\NSE.Pagamento.API.csproj", "{1CCA1E7D-0876-4A98-8388-1384DB66D750}"
EndProject
Project("{2150E333-8FDC-42A3-9474-1A3956D46DE8}") = "Pedido", "Pedido", "{002A8DE2-0733-4CB8-BC2D-56691316A02B}"
EndProject
Project("{FAE04EC0-301F-11D3-BF4B-00C04F79EFBC}") = "NSE.Pedido.API", "src\services\NSE.Pedido.API\NSE.Pedido.API.csproj", "{7D652364-9B53-45F9-901D-85AC6908E3C5}"
EndProject
Global
	GlobalSection(SolutionConfigurationPlatforms) = preSolution
		Debug|Any CPU = Debug|Any CPU
		Release|Any CPU = Release|Any CPU
	EndGlobalSection
	GlobalSection(ProjectConfigurationPlatforms) = postSolution
		{1252F5FE-55CE-4292-BF1F-8B260D903CC3}.Debug|Any CPU.ActiveCfg = Debug|Any CPU
		{1252F5FE-55CE-4292-BF1F-8B260D903CC3}.Debug|Any CPU.Build.0 = Debug|Any CPU
		{1252F5FE-55CE-4292-BF1F-8B260D903CC3}.Release|Any CPU.ActiveCfg = Release|Any CPU
		{1252F5FE-55CE-4292-BF1F-8B260D903CC3}.Release|Any CPU.Build.0 = Release|Any CPU
		{868EC812-1D83-4313-8AA0-EF9A1DD89904}.Debug|Any CPU.ActiveCfg = Debug|Any CPU
		{868EC812-1D83-4313-8AA0-EF9A1DD89904}.Debug|Any CPU.Build.0 = Debug|Any CPU
		{868EC812-1D83-4313-8AA0-EF9A1DD89904}.Release|Any CPU.ActiveCfg = Release|Any CPU
		{868EC812-1D83-4313-8AA0-EF9A1DD89904}.Release|Any CPU.Build.0 = Release|Any CPU
		{AB6923E4-7B3E-45A9-A393-09495CC5A2B7}.Debug|Any CPU.ActiveCfg = Debug|Any CPU
		{AB6923E4-7B3E-45A9-A393-09495CC5A2B7}.Debug|Any CPU.Build.0 = Debug|Any CPU
		{AB6923E4-7B3E-45A9-A393-09495CC5A2B7}.Release|Any CPU.ActiveCfg = Release|Any CPU
		{AB6923E4-7B3E-45A9-A393-09495CC5A2B7}.Release|Any CPU.Build.0 = Release|Any CPU
		{AD0D16DA-09CB-4116-AC56-8010FB2BBE1C}.Debug|Any CPU.ActiveCfg = Debug|Any CPU
		{AD0D16DA-09CB-4116-AC56-8010FB2BBE1C}.Debug|Any CPU.Build.0 = Debug|Any CPU
		{AD0D16DA-09CB-4116-AC56-8010FB2BBE1C}.Release|Any CPU.ActiveCfg = Release|Any CPU
		{AD0D16DA-09CB-4116-AC56-8010FB2BBE1C}.Release|Any CPU.Build.0 = Release|Any CPU
		{2F19CEE2-C06D-41FA-AA77-EAE5172B6723}.Debug|Any CPU.ActiveCfg = Debug|Any CPU
		{2F19CEE2-C06D-41FA-AA77-EAE5172B6723}.Debug|Any CPU.Build.0 = Debug|Any CPU
		{2F19CEE2-C06D-41FA-AA77-EAE5172B6723}.Release|Any CPU.ActiveCfg = Release|Any CPU
		{2F19CEE2-C06D-41FA-AA77-EAE5172B6723}.Release|Any CPU.Build.0 = Release|Any CPU
		{82834E10-7038-40A8-A1C4-80CD09CF6175}.Debug|Any CPU.ActiveCfg = Debug|Any CPU
		{82834E10-7038-40A8-A1C4-80CD09CF6175}.Debug|Any CPU.Build.0 = Debug|Any CPU
		{82834E10-7038-40A8-A1C4-80CD09CF6175}.Release|Any CPU.ActiveCfg = Release|Any CPU
		{82834E10-7038-40A8-A1C4-80CD09CF6175}.Release|Any CPU.Build.0 = Release|Any CPU
		{1CCA1E7D-0876-4A98-8388-1384DB66D750}.Debug|Any CPU.ActiveCfg = Debug|Any CPU
		{1CCA1E7D-0876-4A98-8388-1384DB66D750}.Debug|Any CPU.Build.0 = Debug|Any CPU
		{1CCA1E7D-0876-4A98-8388-1384DB66D750}.Release|Any CPU.ActiveCfg = Release|Any CPU
		{1CCA1E7D-0876-4A98-8388-1384DB66D750}.Release|Any CPU.Build.0 = Release|Any CPU
		{7D652364-9B53-45F9-901D-85AC6908E3C5}.Debug|Any CPU.ActiveCfg = Debug|Any CPU
		{7D652364-9B53-45F9-901D-85AC6908E3C5}.Debug|Any CPU.Build.0 = Debug|Any CPU
		{7D652364-9B53-45F9-901D-85AC6908E3C5}.Release|Any CPU.ActiveCfg = Release|Any CPU
		{7D652364-9B53-45F9-901D-85AC6908E3C5}.Release|Any CPU.Build.0 = Release|Any CPU
	EndGlobalSection
	GlobalSection(SolutionProperties) = preSolution
		HideSolutionNode = FALSE
	EndGlobalSection
	GlobalSection(NestedProjects) = preSolution
		{E99566CA-C8DB-4FA6-BFFA-B052BAC8EC36} = {3C00E794-8357-40CA-B170-CDE498D92CB1}
		{D753DBB1-5EE9-4FA8-B179-C3D60F537AC1} = {3C00E794-8357-40CA-B170-CDE498D92CB1}
		{2BD12C89-6A4B-4EAC-886D-061D282991B6} = {3C00E794-8357-40CA-B170-CDE498D92CB1}
		{3FCFA857-24CD-4032-AC26-E25E4D5E598E} = {D753DBB1-5EE9-4FA8-B179-C3D60F537AC1}
		{1252F5FE-55CE-4292-BF1F-8B260D903CC3} = {3FCFA857-24CD-4032-AC26-E25E4D5E598E}
		{DD46AE58-24D2-4E25-92CA-DBE9BEBA38CA} = {2BD12C89-6A4B-4EAC-886D-061D282991B6}
		{868EC812-1D83-4313-8AA0-EF9A1DD89904} = {DD46AE58-24D2-4E25-92CA-DBE9BEBA38CA}
		{CFB14AEA-4CF8-49A3-A627-F65E3A63D296} = {E99566CA-C8DB-4FA6-BFFA-B052BAC8EC36}
		{AB6923E4-7B3E-45A9-A393-09495CC5A2B7} = {CFB14AEA-4CF8-49A3-A627-F65E3A63D296}
		{ED3F9D53-E220-4B3F-B3DE-E82D955A98E3} = {D753DBB1-5EE9-4FA8-B179-C3D60F537AC1}
		{AD0D16DA-09CB-4116-AC56-8010FB2BBE1C} = {ED3F9D53-E220-4B3F-B3DE-E82D955A98E3}
		{CD5E5949-146F-4FBB-A59F-CAD0D3942EC9} = {D753DBB1-5EE9-4FA8-B179-C3D60F537AC1}
		{2F19CEE2-C06D-41FA-AA77-EAE5172B6723} = {CD5E5949-146F-4FBB-A59F-CAD0D3942EC9}
		{2A67370C-5AE9-406E-8744-52D3B9222FFB} = {D753DBB1-5EE9-4FA8-B179-C3D60F537AC1}
		{82834E10-7038-40A8-A1C4-80CD09CF6175} = {2A67370C-5AE9-406E-8744-52D3B9222FFB}
		{43F957F1-E1B2-4373-9157-5B43B36DB1DE} = {D753DBB1-5EE9-4FA8-B179-C3D60F537AC1}
		{1CCA1E7D-0876-4A98-8388-1384DB66D750} = {43F957F1-E1B2-4373-9157-5B43B36DB1DE}
		{002A8DE2-0733-4CB8-BC2D-56691316A02B} = {D753DBB1-5EE9-4FA8-B179-C3D60F537AC1}
		{7D652364-9B53-45F9-901D-85AC6908E3C5} = {002A8DE2-0733-4CB8-BC2D-56691316A02B}
	EndGlobalSection
	GlobalSection(ExtensibilityGlobals) = postSolution
		SolutionGuid = {564AEDAF-C9C4-4A76-92E3-58539E68EA09}
	EndGlobalSection
EndGlobal
